
Microsoft Visual Studio Solution File, Format Version 12.00
# Visual Studio 15
VisualStudioVersion = 15.0.26730.16
MinimumVisualStudioVersion = 10.0.40219.1
Project("{FAE04EC0-301F-11D3-BF4B-00C04F79EFBC}") = "oopsDemo", "oopsDemo\oopsDemo.csproj", "{53574538-B6F6-4D55-A65E-0E7ADC4429E8}"
EndProject
Global
	GlobalSection(SolutionConfigurationPlatforms) = preSolution
		Debug|Any CPU = Debug|Any CPU
		Release|Any CPU = Release|Any CPU
	EndGlobalSection
	GlobalSection(ProjectConfigurationPlatforms) = postSolution
		{53574538-B6F6-4D55-A65E-0E7ADC4429E8}.Debug|Any CPU.ActiveCfg = Debug|Any CPU
		{53574538-B6F6-4D55-A65E-0E7ADC4429E8}.Debug|Any CPU.Build.0 = Debug|Any CPU
		{53574538-B6F6-4D55-A65E-0E7ADC4429E8}.Release|Any CPU.ActiveCfg = Release|Any CPU
		{53574538-B6F6-4D55-A65E-0E7ADC4429E8}.Release|Any CPU.Build.0 = Release|Any CPU
	EndGlobalSection
	GlobalSection(SolutionProperties) = preSolution
		HideSolutionNode = FALSE
	EndGlobalSection
	GlobalSection(ExtensibilityGlobals) = postSolution
		SolutionGuid = {DE38997E-7147-49C2-A611-9D4C74AA012B}
	EndGlobalSection
EndGlobal
