
Microsoft Visual Studio Solution File, Format Version 12.00
# Visual Studio 15
VisualStudioVersion = 15.0.28307.1000
MinimumVisualStudioVersion = 10.0.40219.1
Project("{FAE04EC0-301F-11D3-BF4B-00C04F79EFBC}") = "TraineeApp", "TraineeApp\TraineeApp.csproj", "{ACD41CFB-704E-4830-942B-363FFB1A6B3B}"
EndProject
Global
	GlobalSection(SolutionConfigurationPlatforms) = preSolution
		Debug|Any CPU = Debug|Any CPU
		Release|Any CPU = Release|Any CPU
	EndGlobalSection
	GlobalSection(ProjectConfigurationPlatforms) = postSolution
		{ACD41CFB-704E-4830-942B-363FFB1A6B3B}.Debug|Any CPU.ActiveCfg = Debug|Any CPU
		{ACD41CFB-704E-4830-942B-363FFB1A6B3B}.Debug|Any CPU.Build.0 = Debug|Any CPU
		{ACD41CFB-704E-4830-942B-363FFB1A6B3B}.Release|Any CPU.ActiveCfg = Release|Any CPU
		{ACD41CFB-704E-4830-942B-363FFB1A6B3B}.Release|Any CPU.Build.0 = Release|Any CPU
	EndGlobalSection
	GlobalSection(SolutionProperties) = preSolution
		HideSolutionNode = FALSE
	EndGlobalSection
	GlobalSection(ExtensibilityGlobals) = postSolution
		SolutionGuid = {C4C23FA3-39AA-4C69-BD8E-0BF6036795B4}
	EndGlobalSection
EndGlobal
