
Microsoft Visual Studio Solution File, Format Version 12.00
# Visual Studio 15
VisualStudioVersion = 15.0.28307.1000
MinimumVisualStudioVersion = 10.0.40219.1
Project("{FAE04EC0-301F-11D3-BF4B-00C04F79EFBC}") = "EmployeeApi", "EmployeeApi\EmployeeApi.csproj", "{FF7545AB-0FEA-4AB9-9686-A2CF6BEF0DA5}"
EndProject
Project("{FAE04EC0-301F-11D3-BF4B-00C04F79EFBC}") = "EmployeeDataAccess", "EmployeeDataAccess\EmployeeDataAccess.csproj", "{817D1F63-79EA-45F5-BB89-A4EF7502DF2A}"
EndProject
Global
	GlobalSection(SolutionConfigurationPlatforms) = preSolution
		Debug|Any CPU = Debug|Any CPU
		Release|Any CPU = Release|Any CPU
	EndGlobalSection
	GlobalSection(ProjectConfigurationPlatforms) = postSolution
		{FF7545AB-0FEA-4AB9-9686-A2CF6BEF0DA5}.Debug|Any CPU.ActiveCfg = Debug|Any CPU
		{FF7545AB-0FEA-4AB9-9686-A2CF6BEF0DA5}.Debug|Any CPU.Build.0 = Debug|Any CPU
		{FF7545AB-0FEA-4AB9-9686-A2CF6BEF0DA5}.Release|Any CPU.ActiveCfg = Release|Any CPU
		{FF7545AB-0FEA-4AB9-9686-A2CF6BEF0DA5}.Release|Any CPU.Build.0 = Release|Any CPU
		{817D1F63-79EA-45F5-BB89-A4EF7502DF2A}.Debug|Any CPU.ActiveCfg = Debug|Any CPU
		{817D1F63-79EA-45F5-BB89-A4EF7502DF2A}.Debug|Any CPU.Build.0 = Debug|Any CPU
		{817D1F63-79EA-45F5-BB89-A4EF7502DF2A}.Release|Any CPU.ActiveCfg = Release|Any CPU
		{817D1F63-79EA-45F5-BB89-A4EF7502DF2A}.Release|Any CPU.Build.0 = Release|Any CPU
	EndGlobalSection
	GlobalSection(SolutionProperties) = preSolution
		HideSolutionNode = FALSE
	EndGlobalSection
	GlobalSection(ExtensibilityGlobals) = postSolution
		SolutionGuid = {D224EB76-5BDE-45A9-8F53-9AD92BB05C30}
	EndGlobalSection
EndGlobal
