
Microsoft Visual Studio Solution File, Format Version 12.00
# Visual Studio 15
VisualStudioVersion = 15.0.26730.16
MinimumVisualStudioVersion = 10.0.40219.1
Project("{FAE04EC0-301F-11D3-BF4B-00C04F79EFBC}") = "multipleClasses", "multipleClasses\multipleClasses.csproj", "{CF1C2002-7341-439B-835C-A1DE04E6C42B}"
EndProject
Global
	GlobalSection(SolutionConfigurationPlatforms) = preSolution
		Debug|Any CPU = Debug|Any CPU
		Release|Any CPU = Release|Any CPU
	EndGlobalSection
	GlobalSection(ProjectConfigurationPlatforms) = postSolution
		{CF1C2002-7341-439B-835C-A1DE04E6C42B}.Debug|Any CPU.ActiveCfg = Debug|Any CPU
		{CF1C2002-7341-439B-835C-A1DE04E6C42B}.Debug|Any CPU.Build.0 = Debug|Any CPU
		{CF1C2002-7341-439B-835C-A1DE04E6C42B}.Release|Any CPU.ActiveCfg = Release|Any CPU
		{CF1C2002-7341-439B-835C-A1DE04E6C42B}.Release|Any CPU.Build.0 = Release|Any CPU
	EndGlobalSection
	GlobalSection(SolutionProperties) = preSolution
		HideSolutionNode = FALSE
	EndGlobalSection
	GlobalSection(ExtensibilityGlobals) = postSolution
		SolutionGuid = {C3211DD4-8841-4705-9A97-42F1A2C99927}
	EndGlobalSection
EndGlobal
