
Microsoft Visual Studio Solution File, Format Version 12.00
# Visual Studio 15
VisualStudioVersion = 15.0.26730.16
MinimumVisualStudioVersion = 10.0.40219.1
Project("{FAE04EC0-301F-11D3-BF4B-00C04F79EFBC}") = "App2", "App2\App2.csproj", "{DA1A88A5-58D0-4AA0-974B-3F3FEC2BE5F3}"
EndProject
Global
	GlobalSection(SolutionConfigurationPlatforms) = preSolution
		Debug|Any CPU = Debug|Any CPU
		Release|Any CPU = Release|Any CPU
	EndGlobalSection
	GlobalSection(ProjectConfigurationPlatforms) = postSolution
		{DA1A88A5-58D0-4AA0-974B-3F3FEC2BE5F3}.Debug|Any CPU.ActiveCfg = Debug|Any CPU
		{DA1A88A5-58D0-4AA0-974B-3F3FEC2BE5F3}.Debug|Any CPU.Build.0 = Debug|Any CPU
		{DA1A88A5-58D0-4AA0-974B-3F3FEC2BE5F3}.Release|Any CPU.ActiveCfg = Release|Any CPU
		{DA1A88A5-58D0-4AA0-974B-3F3FEC2BE5F3}.Release|Any CPU.Build.0 = Release|Any CPU
	EndGlobalSection
	GlobalSection(SolutionProperties) = preSolution
		HideSolutionNode = FALSE
	EndGlobalSection
	GlobalSection(ExtensibilityGlobals) = postSolution
		SolutionGuid = {9FF590C1-60D3-44EC-BDAF-5EC7871E2163}
	EndGlobalSection
EndGlobal
