
Microsoft Visual Studio Solution File, Format Version 12.00
# Visual Studio 15
VisualStudioVersion = 15.0.28307.1000
MinimumVisualStudioVersion = 10.0.40219.1
Project("{FAE04EC0-301F-11D3-BF4B-00C04F79EFBC}") = "retrive", "retrive\retrive.csproj", "{64BF1A44-0A64-4A3F-B478-E34113025AA6}"
EndProject
Global
	GlobalSection(SolutionConfigurationPlatforms) = preSolution
		Debug|Any CPU = Debug|Any CPU
		Release|Any CPU = Release|Any CPU
	EndGlobalSection
	GlobalSection(ProjectConfigurationPlatforms) = postSolution
		{64BF1A44-0A64-4A3F-B478-E34113025AA6}.Debug|Any CPU.ActiveCfg = Debug|Any CPU
		{64BF1A44-0A64-4A3F-B478-E34113025AA6}.Debug|Any CPU.Build.0 = Debug|Any CPU
		{64BF1A44-0A64-4A3F-B478-E34113025AA6}.Release|Any CPU.ActiveCfg = Release|Any CPU
		{64BF1A44-0A64-4A3F-B478-E34113025AA6}.Release|Any CPU.Build.0 = Release|Any CPU
	EndGlobalSection
	GlobalSection(SolutionProperties) = preSolution
		HideSolutionNode = FALSE
	EndGlobalSection
	GlobalSection(ExtensibilityGlobals) = postSolution
		SolutionGuid = {63AD127C-BB8C-48E6-9292-8F351C1AB65B}
	EndGlobalSection
EndGlobal
